
Microsoft Visual Studio Solution File, Format Version 12.00
Project("{FAE04EC0-301F-11D3-BF4B-00C04F79EFBC}") = "PseudocodeInterpreter", "PseudocodeInterpreter\PseudocodeInterpreter.csproj", "{604BC978-7301-423B-847D-00845C66377A}"
EndProject
Global
	GlobalSection(SolutionConfigurationPlatforms) = preSolution
		Debug|Any CPU = Debug|Any CPU
		Release|Any CPU = Release|Any CPU
	EndGlobalSection
	GlobalSection(ProjectConfigurationPlatforms) = postSolution
		{604BC978-7301-423B-847D-00845C66377A}.Debug|Any CPU.ActiveCfg = Debug|Any CPU
		{604BC978-7301-423B-847D-00845C66377A}.Debug|Any CPU.Build.0 = Debug|Any CPU
		{604BC978-7301-423B-847D-00845C66377A}.Release|Any CPU.ActiveCfg = Release|Any CPU
		{604BC978-7301-423B-847D-00845C66377A}.Release|Any CPU.Build.0 = Release|Any CPU
	EndGlobalSection
EndGlobal
