
Microsoft Visual Studio Solution File, Format Version 12.00
# Visual Studio 15
VisualStudioVersion = 15.0.27703.2035
MinimumVisualStudioVersion = 10.0.40219.1
Project("{FAE04EC0-301F-11D3-BF4B-00C04F79EFBC}") = "PseudocodeInterpreter", "PseudocodeInterpreter\PseudocodeInterpreter.csproj", "{2AF84E96-F2F5-4215-8308-010B28ED8B14}"
EndProject
Global
	GlobalSection(SolutionConfigurationPlatforms) = preSolution
		Debug|Any CPU = Debug|Any CPU
		Release|Any CPU = Release|Any CPU
	EndGlobalSection
	GlobalSection(ProjectConfigurationPlatforms) = postSolution
		{2AF84E96-F2F5-4215-8308-010B28ED8B14}.Debug|Any CPU.ActiveCfg = Debug|Any CPU
		{2AF84E96-F2F5-4215-8308-010B28ED8B14}.Debug|Any CPU.Build.0 = Debug|Any CPU
		{2AF84E96-F2F5-4215-8308-010B28ED8B14}.Release|Any CPU.ActiveCfg = Release|Any CPU
		{2AF84E96-F2F5-4215-8308-010B28ED8B14}.Release|Any CPU.Build.0 = Release|Any CPU
	EndGlobalSection
	GlobalSection(SolutionProperties) = preSolution
		HideSolutionNode = FALSE
	EndGlobalSection
	GlobalSection(ExtensibilityGlobals) = postSolution
		SolutionGuid = {A11BA3D5-9EE0-4A74-9B08-9F76FFF67C93}
	EndGlobalSection
EndGlobal
